{
  "name": "mekanoid_icons",
  "version": "1.0.0",
  "lockfileVersion": 2,
  "requires": true,
  "packages": {
    "": {
      "name": "mekanoid_icons",
      "version": "1.0.0",
      "license": "ISC",
      "dependencies": {
        "carbon-icons": "^7.0.7"
      }
    },
    "node_modules/carbon-icons": {
      "version": "7.0.7",
      "resolved": "https://registry.npmjs.org/carbon-icons/-/carbon-icons-7.0.7.tgz",
      "integrity": "sha512-3vgkdXJRgCViCrH3fLUdyAXo0I8wmohO6QETv7vWFx6yc7s+SirWFBSFL38zUx4MHtR8iTxIlLEzkeU6FlFtXg=="
    }
  },
  "dependencies": {
    "carbon-icons": {
      "version": "7.0.7",
      "resolved": "https://registry.npmjs.org/carbon-icons/-/carbon-icons-7.0.7.tgz",
      "integrity": "sha512-3vgkdXJRgCViCrH3fLUdyAXo0I8wmohO6QETv7vWFx6yc7s+SirWFBSFL38zUx4MHtR8iTxIlLEzkeU6FlFtXg=="
    }
  }
}
